lockfileVersion: '6.1'

settings:
  autoInstallPeers: true
  excludeLinksFromLockfile: false

dependencies:
  rxjs:
    specifier: link:..\devkit\node_modules\rxjs
    version: link:../devkit/node_modules/rxjs

devDependencies:
  '@mono/devkit':
    specifier: workspace:^
    version: link:../devkit
