lockfileVersion: '6.1'

settings:
  autoInstallPeers: true
  excludeLinksFromLockfile: false

dependencies:
  '@mono/devkit':
    specifier: workspace:^
    version: link:../devkit
  '@mono/libs-utils':
    specifier: workspace:^
    version: link:../libs-utils
  typeorm:
    specifier: link:..\devkit\node_modules\typeorm
    version: link:../devkit/node_modules/typeorm
