lockfileVersion: '6.1'

settings:
  autoInstallPeers: true
  excludeLinksFromLockfile: false

dependencies:
  react:
    specifier: link:..\devkit\node_modules\react
    version: link:../devkit/node_modules/react

devDependencies:
  '@mono/devkit':
    specifier: workspace:^
    version: link:../devkit
  '@types/react':
    specifier: link:..\devkit\node_modules\@types\react
    version: link:../devkit/node_modules/@types/react
  typescript:
    specifier: link:..\..\node_modules\typescript
    version: link:../../node_modules/typescript
