lockfileVersion: '6.0'

dependencies:
  '@mono/utils':
    specifier: workspace:^
    version: link:../utils
  dayjs:
    specifier: link:..\..\store\node_modules\dayjs
    version: link:../../store/node_modules/dayjs
  rxjs:
    specifier: link:..\..\store\node_modules\rxjs
    version: link:../../store/node_modules/rxjs
