lockfileVersion: '6.1'

settings:
  autoInstallPeers: true
  excludeLinksFromLockfile: false

dependencies:
  '@mono/libs-utils':
    specifier: workspace:^
    version: link:../libs-utils
  dayjs:
    specifier: link:..\..\store\node_modules\dayjs
    version: link:../../store/node_modules/dayjs
  rxjs:
    specifier: link:..\..\store\node_modules\rxjs
    version: link:../../store/node_modules/rxjs
